// !$*UTF8*$!
{
	archiveVersion = 1;
	classes = {
	};
	objectVersion = 56;
	objects = {

/* Begin PBXBuildFile section */
		8E3ECFF52BEDE7DB005C4D7F /* Practice_SwiftUIApp.swift in Sources */ = {isa = PBXBuildFile; fileRef = 8E3ECFF42BEDE7DB005C4D7F /* Practice_SwiftUIApp.swift */; };
		8E3ECFF72BEDE7DB005C4D7F /* WeatherView.swift in Sources */ = {isa = PBXBuildFile; fileRef = 8E3ECFF62BEDE7DB005C4D7F /* WeatherView.swift */; };
		8E3ECFF92BEDE7DD005C4D7F /* Assets.xcassets in Resources */ = {isa = PBXBuildFile; fileRef = 8E3ECFF82BEDE7DD005C4D7F /* Assets.xcassets */; };
		8E3ECFFC2BEDE7DD005C4D7F /* Preview Assets.xcassets in Resources */ = {isa = PBXBuildFile; fileRef = 8E3ECFFB2BEDE7DD005C4D7F /* Preview Assets.xcassets */; };
		8E9D49B02BF8FF9900996B6C /* CounterView.swift in Sources */ = {isa = PBXBuildFile; fileRef = 8E9D49AF2BF8FF9900996B6C /* CounterView.swift */; };
		8E9D49B22BF8FFA100996B6C /* CounterFeature.swift in Sources */ = {isa = PBXBuildFile; fileRef = 8E9D49B12BF8FFA100996B6C /* CounterFeature.swift */; };
		8E9D49B52BF8FFD800996B6C /* ComposableArchitecture in Frameworks */ = {isa = PBXBuildFile; productRef = 8E9D49B42BF8FFD800996B6C /* ComposableArchitecture */; };
		8EDF98B22BEDFCD2008E3085 /* WeatherButton.swift in Sources */ = {isa = PBXBuildFile; fileRef = 8EDF98B12BEDFCD2008E3085 /* WeatherButton.swift */; };
		8EDF98B52BEF74FC008E3085 /* Framework.swift in Sources */ = {isa = PBXBuildFile; fileRef = 8EDF98B42BEF74FC008E3085 /* Framework.swift */; };
		8EDF98B72BEF76B1008E3085 /* FrameworkGridView.swift in Sources */ = {isa = PBXBuildFile; fileRef = 8EDF98B62BEF76B1008E3085 /* FrameworkGridView.swift */; };
		8EDF98B92BEF7ECB008E3085 /* FrameworkDetailView.swift in Sources */ = {isa = PBXBuildFile; fileRef = 8EDF98B82BEF7ECB008E3085 /* FrameworkDetailView.swift */; };
		8EDF98BB2BEF7FFE008E3085 /* AFButton.swift in Sources */ = {isa = PBXBuildFile; fileRef = 8EDF98BA2BEF7FFE008E3085 /* AFButton.swift */; };
		8EDF98BD2BEF8217008E3085 /* FrameworkGridViewModel.swift in Sources */ = {isa = PBXBuildFile; fileRef = 8EDF98BC2BEF8217008E3085 /* FrameworkGridViewModel.swift */; };
		8EDF98BF2BEF9C2F008E3085 /* SafariView.swift in Sources */ = {isa = PBXBuildFile; fileRef = 8EDF98BE2BEF9C2F008E3085 /* SafariView.swift */; };
		8EDF98C12BEF9F31008E3085 /* FrameworkTiteView.swift in Sources */ = {isa = PBXBuildFile; fileRef = 8EDF98C02BEF9F31008E3085 /* FrameworkTiteView.swift */; };
		8EDF98C32BEF9F97008E3085 /* XDismissButton.swift in Sources */ = {isa = PBXBuildFile; fileRef = 8EDF98C22BEF9F97008E3085 /* XDismissButton.swift */; };
		8EDF98E62BEFAD2A008E3085 /* FrameworkListView.swift in Sources */ = {isa = PBXBuildFile; fileRef = 8EDF98D72BEFAD2A008E3085 /* FrameworkListView.swift */; };
		8EDF98ED2BEFAE5D008E3085 /* FrameworkListTitleView.swift in Sources */ = {isa = PBXBuildFile; fileRef = 8EDF98EC2BEFAE5D008E3085 /* FrameworkListTitleView.swift */; };
		8EDF98EF2BEFAF97008E3085 /* FrameworkListDetailView.swift in Sources */ = {isa = PBXBuildFile; fileRef = 8EDF98EE2BEFAF97008E3085 /* FrameworkListDetailView.swift */; };
		8EDF98F42BF0D639008E3085 /* Market.swift in Sources */ = {isa = PBXBuildFile; fileRef = 8EDF98F32BF0D639008E3085 /* Market.swift */; };
		8EDF98F72BF0D694008E3085 /* CoinView.swift in Sources */ = {isa = PBXBuildFile; fileRef = 8EDF98F62BF0D694008E3085 /* CoinView.swift */; };
		8EDF98FA2BF0D6C6008E3085 /* CoinViewModel.swift in Sources */ = {isa = PBXBuildFile; fileRef = 8EDF98F92BF0D6C6008E3085 /* CoinViewModel.swift */; };
		8EDF98FD2BF0D6F2008E3085 /* ViewModelType.swift in Sources */ = {isa = PBXBuildFile; fileRef = 8EDF98FC2BF0D6F2008E3085 /* ViewModelType.swift */; };
		8EDF99002BF0DA17008E3085 /* NetworkManager.swift in Sources */ = {isa = PBXBuildFile; fileRef = 8EDF98FF2BF0DA17008E3085 /* NetworkManager.swift */; };
		8EDF99032BF0DE21008E3085 /* OrderBook.swift in Sources */ = {isa = PBXBuildFile; fileRef = 8EDF99022BF0DE21008E3085 /* OrderBook.swift */; };
		8EDF99062BF0DE47008E3085 /* APIError.swift in Sources */ = {isa = PBXBuildFile; fileRef = 8EDF99052BF0DE47008E3085 /* APIError.swift */; };
		8EDF990A2BF0DE78008E3085 /* ChartView.swift in Sources */ = {isa = PBXBuildFile; fileRef = 8EDF99092BF0DE78008E3085 /* ChartView.swift */; };
		8EDF990C2BF0DE8B008E3085 /* ChartViewModel.swift in Sources */ = {isa = PBXBuildFile; fileRef = 8EDF990B2BF0DE8B008E3085 /* ChartViewModel.swift */; };
		8EDF990F2BF0DFB9008E3085 /* WebSocketManager.swift in Sources */ = {isa = PBXBuildFile; fileRef = 8EDF990E2BF0DFB9008E3085 /* WebSocketManager.swift */; };
		8EDF99122BF10542008E3085 /* BarcodeScannerView.swift in Sources */ = {isa = PBXBuildFile; fileRef = 8EDF99112BF10542008E3085 /* BarcodeScannerView.swift */; };
		8EDF991E2BF10D98008E3085 /* ScannerVC.swift in Sources */ = {isa = PBXBuildFile; fileRef = 8EDF991D2BF10D98008E3085 /* ScannerVC.swift */; };
		8EDF99222BF1132F008E3085 /* AppetizerTabView.swift in Sources */ = {isa = PBXBuildFile; fileRef = 8EDF99212BF1132F008E3085 /* AppetizerTabView.swift */; };
		8EDF99242BF11370008E3085 /* AppetizerListView.swift in Sources */ = {isa = PBXBuildFile; fileRef = 8EDF99232BF11370008E3085 /* AppetizerListView.swift */; };
		8EDF99262BF113E5008E3085 /* AccountView.swift in Sources */ = {isa = PBXBuildFile; fileRef = 8EDF99252BF113E5008E3085 /* AccountView.swift */; };
		8EDF99282BF11438008E3085 /* OrderView.swift in Sources */ = {isa = PBXBuildFile; fileRef = 8EDF99272BF11438008E3085 /* OrderView.swift */; };
		8EDF992B2BF11A20008E3085 /* Appetizer.swift in Sources */ = {isa = PBXBuildFile; fileRef = 8EDF992A2BF11A20008E3085 /* Appetizer.swift */; };
/* End PBXBuildFile section */

/* Begin PBXFileReference section */
		8E3ECFF12BEDE7DB005C4D7F /* Practice_SwiftUI.app */ = {isa = PBXFileReference; explicitFileType = wrapper.application; includeInIndex = 0; path = Practice_SwiftUI.app; sourceTree = BUILT_PRODUCTS_DIR; };
		8E3ECFF42BEDE7DB005C4D7F /* Practice_SwiftUIApp.swift */ = {isa = PBXFileReference; lastKnownFileType = sourcecode.swift; path = Practice_SwiftUIApp.swift; sourceTree = "<group>"; };
		8E3ECFF62BEDE7DB005C4D7F /* WeatherView.swift */ = {isa = PBXFileReference; lastKnownFileType = sourcecode.swift; path = WeatherView.swift; sourceTree = "<group>"; };
		8E3ECFF82BEDE7DD005C4D7F /* Assets.xcassets */ = {isa = PBXFileReference; lastKnownFileType = folder.assetcatalog; path = Assets.xcassets; sourceTree = "<group>"; };
		8E3ECFFB2BEDE7DD005C4D7F /* Preview Assets.xcassets */ = {isa = PBXFileReference; lastKnownFileType = folder.assetcatalog; path = "Preview Assets.xcassets"; sourceTree = "<group>"; };
		8E9D49AF2BF8FF9900996B6C /* CounterView.swift */ = {isa = PBXFileReference; lastKnownFileType = sourcecode.swift; path = CounterView.swift; sourceTree = "<group>"; };
		8E9D49B12BF8FFA100996B6C /* CounterFeature.swift */ = {isa = PBXFileReference; lastKnownFileType = sourcecode.swift; path = CounterFeature.swift; sourceTree = "<group>"; };
		8E9D49B62BF9195000996B6C /* Practice-SwiftUI-Info.plist */ = {isa = PBXFileReference; lastKnownFileType = text.plist; path = "Practice-SwiftUI-Info.plist"; sourceTree = SOURCE_ROOT; };
		8EDF98B12BEDFCD2008E3085 /* WeatherButton.swift */ = {isa = PBXFileReference; lastKnownFileType = sourcecode.swift; path = WeatherButton.swift; sourceTree = "<group>"; };
		8EDF98B42BEF74FC008E3085 /* Framework.swift */ = {isa = PBXFileReference; lastKnownFileType = sourcecode.swift; path = Framework.swift; sourceTree = "<group>"; };
		8EDF98B62BEF76B1008E3085 /* FrameworkGridView.swift */ = {isa = PBXFileReference; lastKnownFileType = sourcecode.swift; path = FrameworkGridView.swift; sourceTree = "<group>"; };
		8EDF98B82BEF7ECB008E3085 /* FrameworkDetailView.swift */ = {isa = PBXFileReference; lastKnownFileType = sourcecode.swift; path = FrameworkDetailView.swift; sourceTree = "<group>"; };
		8EDF98BA2BEF7FFE008E3085 /* AFButton.swift */ = {isa = PBXFileReference; lastKnownFileType = sourcecode.swift; path = AFButton.swift; sourceTree = "<group>"; };
		8EDF98BC2BEF8217008E3085 /* FrameworkGridViewModel.swift */ = {isa = PBXFileReference; lastKnownFileType = sourcecode.swift; path = FrameworkGridViewModel.swift; sourceTree = "<group>"; };
		8EDF98BE2BEF9C2F008E3085 /* SafariView.swift */ = {isa = PBXFileReference; lastKnownFileType = sourcecode.swift; path = SafariView.swift; sourceTree = "<group>"; };
		8EDF98C02BEF9F31008E3085 /* FrameworkTiteView.swift */ = {isa = PBXFileReference; lastKnownFileType = sourcecode.swift; path = FrameworkTiteView.swift; sourceTree = "<group>"; };
		8EDF98C22BEF9F97008E3085 /* XDismissButton.swift */ = {isa = PBXFileReference; lastKnownFileType = sourcecode.swift; path = XDismissButton.swift; sourceTree = "<group>"; };
		8EDF98D72BEFAD2A008E3085 /* FrameworkListView.swift */ = {isa = PBXFileReference; fileEncoding = 4; lastKnownFileType = sourcecode.swift; path = FrameworkListView.swift; sourceTree = "<group>"; };
		8EDF98EC2BEFAE5D008E3085 /* FrameworkListTitleView.swift */ = {isa = PBXFileReference; lastKnownFileType = sourcecode.swift; path = FrameworkListTitleView.swift; sourceTree = "<group>"; };
		8EDF98EE2BEFAF97008E3085 /* FrameworkListDetailView.swift */ = {isa = PBXFileReference; lastKnownFileType = sourcecode.swift; path = FrameworkListDetailView.swift; sourceTree = "<group>"; };
		8EDF98F32BF0D639008E3085 /* Market.swift */ = {isa = PBXFileReference; lastKnownFileType = sourcecode.swift; path = Market.swift; sourceTree = "<group>"; };
		8EDF98F62BF0D694008E3085 /* CoinView.swift */ = {isa = PBXFileReference; lastKnownFileType = sourcecode.swift; path = CoinView.swift; sourceTree = "<group>"; };
		8EDF98F92BF0D6C6008E3085 /* CoinViewModel.swift */ = {isa = PBXFileReference; lastKnownFileType = sourcecode.swift; path = CoinViewModel.swift; sourceTree = "<group>"; };
		8EDF98FC2BF0D6F2008E3085 /* ViewModelType.swift */ = {isa = PBXFileReference; lastKnownFileType = sourcecode.swift; path = ViewModelType.swift; sourceTree = "<group>"; };
		8EDF98FF2BF0DA17008E3085 /* NetworkManager.swift */ = {isa = PBXFileReference; lastKnownFileType = sourcecode.swift; path = NetworkManager.swift; sourceTree = "<group>"; };
		8EDF99022BF0DE21008E3085 /* OrderBook.swift */ = {isa = PBXFileReference; lastKnownFileType = sourcecode.swift; path = OrderBook.swift; sourceTree = "<group>"; };
		8EDF99052BF0DE47008E3085 /* APIError.swift */ = {isa = PBXFileReference; lastKnownFileType = sourcecode.swift; path = APIError.swift; sourceTree = "<group>"; };
		8EDF99092BF0DE78008E3085 /* ChartView.swift */ = {isa = PBXFileReference; lastKnownFileType = sourcecode.swift; path = ChartView.swift; sourceTree = "<group>"; };
		8EDF990B2BF0DE8B008E3085 /* ChartViewModel.swift */ = {isa = PBXFileReference; lastKnownFileType = sourcecode.swift; path = ChartViewModel.swift; sourceTree = "<group>"; };
		8EDF990E2BF0DFB9008E3085 /* WebSocketManager.swift */ = {isa = PBXFileReference; lastKnownFileType = sourcecode.swift; path = WebSocketManager.swift; sourceTree = "<group>"; };
		8EDF99112BF10542008E3085 /* BarcodeScannerView.swift */ = {isa = PBXFileReference; lastKnownFileType = sourcecode.swift; path = BarcodeScannerView.swift; sourceTree = "<group>"; };
		8EDF991D2BF10D98008E3085 /* ScannerVC.swift */ = {isa = PBXFileReference; lastKnownFileType = sourcecode.swift; path = ScannerVC.swift; sourceTree = "<group>"; };
		8EDF99212BF1132F008E3085 /* AppetizerTabView.swift */ = {isa = PBXFileReference; lastKnownFileType = sourcecode.swift; path = AppetizerTabView.swift; sourceTree = "<group>"; };
		8EDF99232BF11370008E3085 /* AppetizerListView.swift */ = {isa = PBXFileReference; lastKnownFileType = sourcecode.swift; path = AppetizerListView.swift; sourceTree = "<group>"; };
		8EDF99252BF113E5008E3085 /* AccountView.swift */ = {isa = PBXFileReference; lastKnownFileType = sourcecode.swift; path = AccountView.swift; sourceTree = "<group>"; };
		8EDF99272BF11438008E3085 /* OrderView.swift */ = {isa = PBXFileReference; lastKnownFileType = sourcecode.swift; path = OrderView.swift; sourceTree = "<group>"; };
		8EDF992A2BF11A20008E3085 /* Appetizer.swift */ = {isa = PBXFileReference; lastKnownFileType = sourcecode.swift; path = Appetizer.swift; sourceTree = "<group>"; };
/* End PBXFileReference section */

/* Begin PBXFrameworksBuildPhase section */
		8E3ECFEE2BEDE7DB005C4D7F /* Frameworks */ = {
			isa = PBXFrameworksBuildPhase;
			buildActionMask = 2147483647;
			files = (
				8E9D49B52BF8FFD800996B6C /* ComposableArchitecture in Frameworks */,
			);
			runOnlyForDeploymentPostprocessing = 0;
		};
/* End PBXFrameworksBuildPhase section */

/* Begin PBXGroup section */
		8E3ECFE82BEDE7DB005C4D7F = {
			isa = PBXGroup;
			children = (
				8E3ECFF32BEDE7DB005C4D7F /* Practice_SwiftUI */,
				8E3ECFF22BEDE7DB005C4D7F /* Products */,
			);
			sourceTree = "<group>";
		};
		8E3ECFF22BEDE7DB005C4D7F /* Products */ = {
			isa = PBXGroup;
			children = (
				8E3ECFF12BEDE7DB005C4D7F /* Practice_SwiftUI.app */,
			);
			name = Products;
			sourceTree = "<group>";
		};
		8E3ECFF32BEDE7DB005C4D7F /* Practice_SwiftUI */ = {
			isa = PBXGroup;
			children = (
				8E9D49B62BF9195000996B6C /* Practice-SwiftUI-Info.plist */,
				8E9D49AE2BF8FF7300996B6C /* Counter */,
				8EDF991F2BF11229008E3085 /* Appetizers */,
				8EDF99102BF10529008E3085 /* BarcodeScanner */,
				8EDF98F12BF0D5EE008E3085 /* Coin */,
				8EDF98E32BEFAD2A008E3085 /* Practice3 */,
				8EDF98B32BEF74B9008E3085 /* Practice2 */,
				8EDF98B02BEDFC4A008E3085 /* Practice1 */,
				8E3ECFF82BEDE7DD005C4D7F /* Assets.xcassets */,
				8E3ECFFA2BEDE7DD005C4D7F /* Preview Content */,
				8E3ECFF42BEDE7DB005C4D7F /* Practice_SwiftUIApp.swift */,
			);
			path = Practice_SwiftUI;
			sourceTree = "<group>";
		};
		8E3ECFFA2BEDE7DD005C4D7F /* Preview Content */ = {
			isa = PBXGroup;
			children = (
				8E3ECFFB2BEDE7DD005C4D7F /* Preview Assets.xcassets */,
			);
			path = "Preview Content";
			sourceTree = "<group>";
		};
		8E9D49AE2BF8FF7300996B6C /* Counter */ = {
			isa = PBXGroup;
			children = (
				8E9D49AF2BF8FF9900996B6C /* CounterView.swift */,
				8E9D49B12BF8FFA100996B6C /* CounterFeature.swift */,
			);
			path = Counter;
			sourceTree = "<group>";
		};
		8EDF98B02BEDFC4A008E3085 /* Practice1 */ = {
			isa = PBXGroup;
			children = (
				8E3ECFF62BEDE7DB005C4D7F /* WeatherView.swift */,
				8EDF98B12BEDFCD2008E3085 /* WeatherButton.swift */,
			);
			path = Practice1;
			sourceTree = "<group>";
		};
		8EDF98B32BEF74B9008E3085 /* Practice2 */ = {
			isa = PBXGroup;
			children = (
				8EDF98C82BEFA1A8008E3085 /* Views */,
				8EDF98C72BEFA199008E3085 /* Model */,
				8EDF98C42BEFA158008E3085 /* Screens */,
			);
			path = Practice2;
			sourceTree = "<group>";
		};
		8EDF98C42BEFA158008E3085 /* Screens */ = {
			isa = PBXGroup;
			children = (
				8EDF98C52BEFA15E008E3085 /* FrameworkGridView */,
				8EDF98C62BEFA17E008E3085 /* FrameworkDetailView */,
			);
			path = Screens;
			sourceTree = "<group>";
		};
		8EDF98C52BEFA15E008E3085 /* FrameworkGridView */ = {
			isa = PBXGroup;
			children = (
				8EDF98B62BEF76B1008E3085 /* FrameworkGridView.swift */,
				8EDF98BC2BEF8217008E3085 /* FrameworkGridViewModel.swift */,
			);
			path = FrameworkGridView;
			sourceTree = "<group>";
		};
		8EDF98C62BEFA17E008E3085 /* FrameworkDetailView */ = {
			isa = PBXGroup;
			children = (
				8EDF98B82BEF7ECB008E3085 /* FrameworkDetailView.swift */,
			);
			path = FrameworkDetailView;
			sourceTree = "<group>";
		};
		8EDF98C72BEFA199008E3085 /* Model */ = {
			isa = PBXGroup;
			children = (
				8EDF98B42BEF74FC008E3085 /* Framework.swift */,
			);
			path = Model;
			sourceTree = "<group>";
		};
		8EDF98C82BEFA1A8008E3085 /* Views */ = {
			isa = PBXGroup;
			children = (
				8EDF98CB2BEFA1D6008E3085 /* UIKit Componenets */,
				8EDF98CA2BEFA1CA008E3085 /* View */,
				8EDF98C92BEFA1B8008E3085 /* Buttons */,
			);
			path = Views;
			sourceTree = "<group>";
		};
		8EDF98C92BEFA1B8008E3085 /* Buttons */ = {
			isa = PBXGroup;
			children = (
				8EDF98BA2BEF7FFE008E3085 /* AFButton.swift */,
				8EDF98C22BEF9F97008E3085 /* XDismissButton.swift */,
			);
			path = Buttons;
			sourceTree = "<group>";
		};
		8EDF98CA2BEFA1CA008E3085 /* View */ = {
			isa = PBXGroup;
			children = (
				8EDF98C02BEF9F31008E3085 /* FrameworkTiteView.swift */,
			);
			path = View;
			sourceTree = "<group>";
		};
		8EDF98CB2BEFA1D6008E3085 /* UIKit Componenets */ = {
			isa = PBXGroup;
			children = (
				8EDF98BE2BEF9C2F008E3085 /* SafariView.swift */,
			);
			path = "UIKit Componenets";
			sourceTree = "<group>";
		};
		8EDF98D92BEFAD2A008E3085 /* FrameworkListView */ = {
			isa = PBXGroup;
			children = (
				8EDF98D72BEFAD2A008E3085 /* FrameworkListView.swift */,
				8EDF98EC2BEFAE5D008E3085 /* FrameworkListTitleView.swift */,
				8EDF98EE2BEFAF97008E3085 /* FrameworkListDetailView.swift */,
			);
			path = FrameworkListView;
			sourceTree = "<group>";
		};
		8EDF98DA2BEFAD2A008E3085 /* Screens */ = {
			isa = PBXGroup;
			children = (
				8EDF98D92BEFAD2A008E3085 /* FrameworkListView */,
			);
			path = Screens;
			sourceTree = "<group>";
		};
		8EDF98E32BEFAD2A008E3085 /* Practice3 */ = {
			isa = PBXGroup;
			children = (
				8EDF98DA2BEFAD2A008E3085 /* Screens */,
			);
			path = Practice3;
			sourceTree = "<group>";
		};
		8EDF98F12BF0D5EE008E3085 /* Coin */ = {
			isa = PBXGroup;
			children = (
				8EDF990D2BF0DFAC008E3085 /* WebSocket */,
				8EDF98FE2BF0DA06008E3085 /* Network */,
				8EDF98FB2BF0D6E8008E3085 /* Protocol */,
				8EDF98F52BF0D67B008E3085 /* Scenes */,
				8EDF98F22BF0D630008E3085 /* Model */,
			);
			path = Coin;
			sourceTree = "<group>";
		};
		8EDF98F22BF0D630008E3085 /* Model */ = {
			isa = PBXGroup;
			children = (
				8EDF98F32BF0D639008E3085 /* Market.swift */,
				8EDF99022BF0DE21008E3085 /* OrderBook.swift */,
			);
			path = Model;
			sourceTree = "<group>";
		};
		8EDF98F52BF0D67B008E3085 /* Scenes */ = {
			isa = PBXGroup;
			children = (
				8EDF99082BF0DE70008E3085 /* ChartView */,
				8EDF99072BF0DE61008E3085 /* CoinView */,
			);
			path = Scenes;
			sourceTree = "<group>";
		};
		8EDF98FB2BF0D6E8008E3085 /* Protocol */ = {
			isa = PBXGroup;
			children = (
				8EDF98FC2BF0D6F2008E3085 /* ViewModelType.swift */,
			);
			path = Protocol;
			sourceTree = "<group>";
		};
		8EDF98FE2BF0DA06008E3085 /* Network */ = {
			isa = PBXGroup;
			children = (
				8EDF98FF2BF0DA17008E3085 /* NetworkManager.swift */,
				8EDF99052BF0DE47008E3085 /* APIError.swift */,
			);
			path = Network;
			sourceTree = "<group>";
		};
		8EDF99072BF0DE61008E3085 /* CoinView */ = {
			isa = PBXGroup;
			children = (
				8EDF98F62BF0D694008E3085 /* CoinView.swift */,
				8EDF98F92BF0D6C6008E3085 /* CoinViewModel.swift */,
			);
			path = CoinView;
			sourceTree = "<group>";
		};
		8EDF99082BF0DE70008E3085 /* ChartView */ = {
			isa = PBXGroup;
			children = (
				8EDF99092BF0DE78008E3085 /* ChartView.swift */,
				8EDF990B2BF0DE8B008E3085 /* ChartViewModel.swift */,
			);
			path = ChartView;
			sourceTree = "<group>";
		};
		8EDF990D2BF0DFAC008E3085 /* WebSocket */ = {
			isa = PBXGroup;
			children = (
				8EDF990E2BF0DFB9008E3085 /* WebSocketManager.swift */,
			);
			path = WebSocket;
			sourceTree = "<group>";
		};
		8EDF99102BF10529008E3085 /* BarcodeScanner */ = {
			isa = PBXGroup;
			children = (
				8EDF991C2BF10D6A008E3085 /* Scenes */,
			);
			path = BarcodeScanner;
			sourceTree = "<group>";
		};
		8EDF991C2BF10D6A008E3085 /* Scenes */ = {
			isa = PBXGroup;
			children = (
				8EDF99112BF10542008E3085 /* BarcodeScannerView.swift */,
				8EDF991D2BF10D98008E3085 /* ScannerVC.swift */,
			);
			path = Scenes;
			sourceTree = "<group>";
		};
		8EDF991F2BF11229008E3085 /* Appetizers */ = {
			isa = PBXGroup;
			children = (
				8EDF99292BF11A17008E3085 /* Model */,
				8EDF99202BF11322008E3085 /* Scenes */,
			);
			path = Appetizers;
			sourceTree = "<group>";
		};
		8EDF99202BF11322008E3085 /* Scenes */ = {
			isa = PBXGroup;
			children = (
				8EDF99212BF1132F008E3085 /* AppetizerTabView.swift */,
				8EDF99232BF11370008E3085 /* AppetizerListView.swift */,
				8EDF99252BF113E5008E3085 /* AccountView.swift */,
				8EDF99272BF11438008E3085 /* OrderView.swift */,
			);
			path = Scenes;
			sourceTree = "<group>";
		};
		8EDF99292BF11A17008E3085 /* Model */ = {
			isa = PBXGroup;
			children = (
				8EDF992A2BF11A20008E3085 /* Appetizer.swift */,
			);
			path = Model;
			sourceTree = "<group>";
		};
/* End PBXGroup section */

/* Begin PBXNativeTarget section */
		8E3ECFF02BEDE7DB005C4D7F /* Practice_SwiftUI */ = {
			isa = PBXNativeTarget;
			buildConfigurationList = 8E3ECFFF2BEDE7DD005C4D7F /* Build configuration list for PBXNativeTarget "Practice_SwiftUI" */;
			buildPhases = (
				8E3ECFED2BEDE7DB005C4D7F /* Sources */,
				8E3ECFEE2BEDE7DB005C4D7F /* Frameworks */,
				8E3ECFEF2BEDE7DB005C4D7F /* Resources */,
			);
			buildRules = (
			);
			dependencies = (
			);
			name = Practice_SwiftUI;
			packageProductDependencies = (
				8E9D49B42BF8FFD800996B6C /* ComposableArchitecture */,
			);
			productName = Practice_SwiftUI;
			productReference = 8E3ECFF12BEDE7DB005C4D7F /* Practice_SwiftUI.app */;
			productType = "com.apple.product-type.application";
		};
/* End PBXNativeTarget section */

/* Begin PBXProject section */
		8E3ECFE92BEDE7DB005C4D7F /* Project object */ = {
			isa = PBXProject;
			attributes = {
				BuildIndependentTargetsInParallel = 1;
				LastSwiftUpdateCheck = 1530;
				LastUpgradeCheck = 1530;
				TargetAttributes = {
					8E3ECFF02BEDE7DB005C4D7F = {
						CreatedOnToolsVersion = 15.3;
					};
				};
			};
			buildConfigurationList = 8E3ECFEC2BEDE7DB005C4D7F /* Build configuration list for PBXProject "Practice_SwiftUI" */;
			compatibilityVersion = "Xcode 14.0";
			developmentRegion = en;
			hasScannedForEncodings = 0;
			knownRegions = (
				en,
				Base,
			);
			mainGroup = 8E3ECFE82BEDE7DB005C4D7F;
			packageReferences = (
				8E9D49B32BF8FFD800996B6C /* XCRemoteSwiftPackageReference "swift-composable-architecture" */,
			);
			productRefGroup = 8E3ECFF22BEDE7DB005C4D7F /* Products */;
			projectDirPath = "";
			projectRoot = "";
			targets = (
				8E3ECFF02BEDE7DB005C4D7F /* Practice_SwiftUI */,
			);
		};
/* End PBXProject section */

/* Begin PBXResourcesBuildPhase section */
		8E3ECFEF2BEDE7DB005C4D7F /* Resources */ = {
			isa = PBXResourcesBuildPhase;
			buildActionMask = 2147483647;
			files = (
				8E3ECFFC2BEDE7DD005C4D7F /* Preview Assets.xcassets in Resources */,
				8E3ECFF92BEDE7DD005C4D7F /* Assets.xcassets in Resources */,
			);
			runOnlyForDeploymentPostprocessing = 0;
		};
/* End PBXResourcesBuildPhase section */

/* Begin PBXSourcesBuildPhase section */
		8E3ECFED2BEDE7DB005C4D7F /* Sources */ = {
			isa = PBXSourcesBuildPhase;
			buildActionMask = 2147483647;
			files = (
				8EDF99002BF0DA17008E3085 /* NetworkManager.swift in Sources */,
				8EDF99242BF11370008E3085 /* AppetizerListView.swift in Sources */,
				8EDF992B2BF11A20008E3085 /* Appetizer.swift in Sources */,
				8EDF98BB2BEF7FFE008E3085 /* AFButton.swift in Sources */,
				8EDF98C12BEF9F31008E3085 /* FrameworkTiteView.swift in Sources */,
				8EDF98FA2BF0D6C6008E3085 /* CoinViewModel.swift in Sources */,
				8E9D49B22BF8FFA100996B6C /* CounterFeature.swift in Sources */,
				8EDF98BF2BEF9C2F008E3085 /* SafariView.swift in Sources */,
				8E9D49B02BF8FF9900996B6C /* CounterView.swift in Sources */,
				8EDF99262BF113E5008E3085 /* AccountView.swift in Sources */,
				8EDF99032BF0DE21008E3085 /* OrderBook.swift in Sources */,
				8EDF98B72BEF76B1008E3085 /* FrameworkGridView.swift in Sources */,
				8EDF99282BF11438008E3085 /* OrderView.swift in Sources */,
				8EDF990A2BF0DE78008E3085 /* ChartView.swift in Sources */,
				8EDF990C2BF0DE8B008E3085 /* ChartViewModel.swift in Sources */,
				8EDF98EF2BEFAF97008E3085 /* FrameworkListDetailView.swift in Sources */,
				8EDF99122BF10542008E3085 /* BarcodeScannerView.swift in Sources */,
				8EDF991E2BF10D98008E3085 /* ScannerVC.swift in Sources */,
				8EDF98B52BEF74FC008E3085 /* Framework.swift in Sources */,
				8EDF990F2BF0DFB9008E3085 /* WebSocketManager.swift in Sources */,
				8EDF98B92BEF7ECB008E3085 /* FrameworkDetailView.swift in Sources */,
				8EDF98FD2BF0D6F2008E3085 /* ViewModelType.swift in Sources */,
				8E3ECFF72BEDE7DB005C4D7F /* WeatherView.swift in Sources */,
				8E3ECFF52BEDE7DB005C4D7F /* Practice_SwiftUIApp.swift in Sources */,
				8EDF98B22BEDFCD2008E3085 /* WeatherButton.swift in Sources */,
				8EDF98C32BEF9F97008E3085 /* XDismissButton.swift in Sources */,
				8EDF98BD2BEF8217008E3085 /* FrameworkGridViewModel.swift in Sources */,
				8EDF98ED2BEFAE5D008E3085 /* FrameworkListTitleView.swift in Sources */,
				8EDF98F72BF0D694008E3085 /* CoinView.swift in Sources */,
				8EDF98E62BEFAD2A008E3085 /* FrameworkListView.swift in Sources */,
				8EDF99222BF1132F008E3085 /* AppetizerTabView.swift in Sources */,
				8EDF98F42BF0D639008E3085 /* Market.swift in Sources */,
				8EDF99062BF0DE47008E3085 /* APIError.swift in Sources */,
			);
			runOnlyForDeploymentPostprocessing = 0;
		};
/* End PBXSourcesBuildPhase section */

/* Begin XCBuildConfiguration section */
		8E3ECFFD2BEDE7DD005C4D7F /* Debug */ = {
			isa = XCBuildConfiguration;
			buildSettings = {
				ALWAYS_SEARCH_USER_PATHS = NO;
				ASSETCATALOG_COMPILER_GENERATE_SWIFT_ASSET_SYMBOL_EXTENSIONS = YES;
				CLANG_ANALYZER_NONNULL = YES;
				CLANG_ANALYZER_NUMBER_OBJECT_CONVERSION = YES_AGGRESSIVE;
				CLANG_CXX_LANGUAGE_STANDARD = "gnu++20";
				CLANG_ENABLE_MODULES = YES;
				CLANG_ENABLE_OBJC_ARC = YES;
				CLANG_ENABLE_OBJC_WEAK = YES;
				CLANG_WARN_BLOCK_CAPTURE_AUTORELEASING = YES;
				CLANG_WARN_BOOL_CONVERSION = YES;
				CLANG_WARN_COMMA = YES;
				CLANG_WARN_CONSTANT_CONVERSION = YES;
				CLANG_WARN_DEPRECATED_OBJC_IMPLEMENTATIONS = YES;
				CLANG_WARN_DIRECT_OBJC_ISA_USAGE = YES_ERROR;
				CLANG_WARN_DOCUMENTATION_COMMENTS = YES;
				CLANG_WARN_EMPTY_BODY = YES;
				CLANG_WARN_ENUM_CONVERSION = YES;
				CLANG_WARN_INFINITE_RECURSION = YES;
				CLANG_WARN_INT_CONVERSION = YES;
				CLANG_WARN_NON_LITERAL_NULL_CONVERSION = YES;
				CLANG_WARN_OBJC_IMPLICIT_RETAIN_SELF = YES;
				CLANG_WARN_OBJC_LITERAL_CONVERSION = YES;
				CLANG_WARN_OBJC_ROOT_CLASS = YES_ERROR;
				CLANG_WARN_QUOTED_INCLUDE_IN_FRAMEWORK_HEADER = YES;
				CLANG_WARN_RANGE_LOOP_ANALYSIS = YES;
				CLANG_WARN_STRICT_PROTOTYPES = YES;
				CLANG_WARN_SUSPICIOUS_MOVE = YES;
				CLANG_WARN_UNGUARDED_AVAILABILITY = YES_AGGRESSIVE;
				CLANG_WARN_UNREACHABLE_CODE = YES;
				CLANG_WARN__DUPLICATE_METHOD_MATCH = YES;
				COPY_PHASE_STRIP = NO;
				DEBUG_INFORMATION_FORMAT = dwarf;
				ENABLE_STRICT_OBJC_MSGSEND = YES;
				ENABLE_TESTABILITY = YES;
				ENABLE_USER_SCRIPT_SANDBOXING = YES;
				GCC_C_LANGUAGE_STANDARD = gnu17;
				GCC_DYNAMIC_NO_PIC = NO;
				GCC_NO_COMMON_BLOCKS = YES;
				GCC_OPTIMIZATION_LEVEL = 0;
				GCC_PREPROCESSOR_DEFINITIONS = (
					"DEBUG=1",
					"$(inherited)",
				);
				GCC_WARN_64_TO_32_BIT_CONVERSION = YES;
				GCC_WARN_ABOUT_RETURN_TYPE = YES_ERROR;
				GCC_WARN_UNDECLARED_SELECTOR = YES;
				GCC_WARN_UNINITIALIZED_AUTOS = YES_AGGRESSIVE;
				GCC_WARN_UNUSED_FUNCTION = YES;
				GCC_WARN_UNUSED_VARIABLE = YES;
				IPHONEOS_DEPLOYMENT_TARGET = 17.4;
				LOCALIZATION_PREFERS_STRING_CATALOGS = YES;
				MTL_ENABLE_DEBUG_INFO = INCLUDE_SOURCE;
				MTL_FAST_MATH = YES;
				ONLY_ACTIVE_ARCH = YES;
				SDKROOT = iphoneos;
				SWIFT_ACTIVE_COMPILATION_CONDITIONS = "DEBUG $(inherited)";
				SWIFT_OPTIMIZATION_LEVEL = "-Onone";
			};
			name = Debug;
		};
		8E3ECFFE2BEDE7DD005C4D7F /* Release */ = {
			isa = XCBuildConfiguration;
			buildSettings = {
				ALWAYS_SEARCH_USER_PATHS = NO;
				ASSETCATALOG_COMPILER_GENERATE_SWIFT_ASSET_SYMBOL_EXTENSIONS = YES;
				CLANG_ANALYZER_NONNULL = YES;
				CLANG_ANALYZER_NUMBER_OBJECT_CONVERSION = YES_AGGRESSIVE;
				CLANG_CXX_LANGUAGE_STANDARD = "gnu++20";
				CLANG_ENABLE_MODULES = YES;
				CLANG_ENABLE_OBJC_ARC = YES;
				CLANG_ENABLE_OBJC_WEAK = YES;
				CLANG_WARN_BLOCK_CAPTURE_AUTORELEASING = YES;
				CLANG_WARN_BOOL_CONVERSION = YES;
				CLANG_WARN_COMMA = YES;
				CLANG_WARN_CONSTANT_CONVERSION = YES;
				CLANG_WARN_DEPRECATED_OBJC_IMPLEMENTATIONS = YES;
				CLANG_WARN_DIRECT_OBJC_ISA_USAGE = YES_ERROR;
				CLANG_WARN_DOCUMENTATION_COMMENTS = YES;
				CLANG_WARN_EMPTY_BODY = YES;
				CLANG_WARN_ENUM_CONVERSION = YES;
				CLANG_WARN_INFINITE_RECURSION = YES;
				CLANG_WARN_INT_CONVERSION = YES;
				CLANG_WARN_NON_LITERAL_NULL_CONVERSION = YES;
				CLANG_WARN_OBJC_IMPLICIT_RETAIN_SELF = YES;
				CLANG_WARN_OBJC_LITERAL_CONVERSION = YES;
				CLANG_WARN_OBJC_ROOT_CLASS = YES_ERROR;
				CLANG_WARN_QUOTED_INCLUDE_IN_FRAMEWORK_HEADER = YES;
				CLANG_WARN_RANGE_LOOP_ANALYSIS = YES;
				CLANG_WARN_STRICT_PROTOTYPES = YES;
				CLANG_WARN_SUSPICIOUS_MOVE = YES;
				CLANG_WARN_UNGUARDED_AVAILABILITY = YES_AGGRESSIVE;
				CLANG_WARN_UNREACHABLE_CODE = YES;
				CLANG_WARN__DUPLICATE_METHOD_MATCH = YES;
				COPY_PHASE_STRIP = NO;
				DEBUG_INFORMATION_FORMAT = "dwarf-with-dsym";
				ENABLE_NS_ASSERTIONS = NO;
				ENABLE_STRICT_OBJC_MSGSEND = YES;
				ENABLE_USER_SCRIPT_SANDBOXING = YES;
				GCC_C_LANGUAGE_STANDARD = gnu17;
				GCC_NO_COMMON_BLOCKS = YES;
				GCC_WARN_64_TO_32_BIT_CONVERSION = YES;
				GCC_WARN_ABOUT_RETURN_TYPE = YES_ERROR;
				GCC_WARN_UNDECLARED_SELECTOR = YES;
				GCC_WARN_UNINITIALIZED_AUTOS = YES_AGGRESSIVE;
				GCC_WARN_UNUSED_FUNCTION = YES;
				GCC_WARN_UNUSED_VARIABLE = YES;
				IPHONEOS_DEPLOYMENT_TARGET = 17.4;
				LOCALIZATION_PREFERS_STRING_CATALOGS = YES;
				MTL_ENABLE_DEBUG_INFO = NO;
				MTL_FAST_MATH = YES;
				SDKROOT = iphoneos;
				SWIFT_COMPILATION_MODE = wholemodule;
				VALIDATE_PRODUCT = YES;
			};
			name = Release;
		};
		8E3ED0002BEDE7DD005C4D7F /* Debug */ = {
			isa = XCBuildConfiguration;
			buildSettings = {
				ASSETCATALOG_COMPILER_APPICON_NAME = AppIcon;
				ASSETCATALOG_COMPILER_GLOBAL_ACCENT_COLOR_NAME = AccentColor;
				CODE_SIGN_STYLE = Automatic;
				CURRENT_PROJECT_VERSION = 1;
				DEVELOPMENT_ASSET_PATHS = "\"Practice_SwiftUI/Preview Content\"";
				DEVELOPMENT_TEAM = N63SBJ4UPF;
				ENABLE_PREVIEWS = YES;
				GENERATE_INFOPLIST_FILE = YES;
				INFOPLIST_FILE = "Practice-SwiftUI-Info.plist";
				INFOPLIST_KEY_NSCameraUsageDescription = "바코드 스캐너를 사용하기 위해 카메라 접근 권한이 필요합니다";
				INFOPLIST_KEY_UIApplicationSceneManifest_Generation = YES;
				INFOPLIST_KEY_UIApplicationSupportsIndirectInputEvents = YES;
				INFOPLIST_KEY_UILaunchScreen_Generation = YES;
				INFOPLIST_KEY_UISupportedInterfaceOrientations_iPad = "UIInterfaceOrientationPortrait UIInterfaceOrientationPortraitUpsideDown UIInterfaceOrientationLandscapeLeft UIInterfaceOrientationLandscapeRight";
				INFOPLIST_KEY_UISupportedInterfaceOrientations_iPhone = "UIInterfaceOrientationPortrait UIInterfaceOrientationLandscapeLeft UIInterfaceOrientationLandscapeRight";
				LD_RUNPATH_SEARCH_PATHS = (
					"$(inherited)",
					"@executable_path/Frameworks",
				);
				MARKETING_VERSION = 1.0;
				PRODUCT_BUNDLE_IDENTIFIER = "com.youngjoo.Practice-SwiftUI";
				PRODUCT_NAME = "$(TARGET_NAME)";
				SUPPORTED_PLATFORMS = "iphoneos iphonesimulator";
				SUPPORTS_MACCATALYST = NO;
				SUPPORTS_MAC_DESIGNED_FOR_IPHONE_IPAD = NO;
				SUPPORTS_XR_DESIGNED_FOR_IPHONE_IPAD = NO;
				SWIFT_EMIT_LOC_STRINGS = YES;
				SWIFT_VERSION = 5.0;
				TARGETED_DEVICE_FAMILY = 1;
			};
			name = Debug;
		};
		8E3ED0012BEDE7DD005C4D7F /* Release */ = {
			isa = XCBuildConfiguration;
			buildSettings = {
				ASSETCATALOG_COMPILER_APPICON_NAME = AppIcon;
				ASSETCATALOG_COMPILER_GLOBAL_ACCENT_COLOR_NAME = AccentColor;
				CODE_SIGN_STYLE = Automatic;
				CURRENT_PROJECT_VERSION = 1;
				DEVELOPMENT_ASSET_PATHS = "\"Practice_SwiftUI/Preview Content\"";
				DEVELOPMENT_TEAM = N63SBJ4UPF;
				ENABLE_PREVIEWS = YES;
				GENERATE_INFOPLIST_FILE = YES;
				INFOPLIST_FILE = "Practice-SwiftUI-Info.plist";
				INFOPLIST_KEY_NSCameraUsageDescription = "바코드 스캐너를 사용하기 위해 카메라 접근 권한이 필요합니다";
				INFOPLIST_KEY_UIApplicationSceneManifest_Generation = YES;
				INFOPLIST_KEY_UIApplicationSupportsIndirectInputEvents = YES;
				INFOPLIST_KEY_UILaunchScreen_Generation = YES;
				INFOPLIST_KEY_UISupportedInterfaceOrientations_iPad = "UIInterfaceOrientationPortrait UIInterfaceOrientationPortraitUpsideDown UIInterfaceOrientationLandscapeLeft UIInterfaceOrientationLandscapeRight";
				INFOPLIST_KEY_UISupportedInterfaceOrientations_iPhone = "UIInterfaceOrientationPortrait UIInterfaceOrientationLandscapeLeft UIInterfaceOrientationLandscapeRight";
				LD_RUNPATH_SEARCH_PATHS = (
					"$(inherited)",
					"@executable_path/Frameworks",
				);
				MARKETING_VERSION = 1.0;
				PRODUCT_BUNDLE_IDENTIFIER = "com.youngjoo.Practice-SwiftUI";
				PRODUCT_NAME = "$(TARGET_NAME)";
				SUPPORTED_PLATFORMS = "iphoneos iphonesimulator";
				SUPPORTS_MACCATALYST = NO;
				SUPPORTS_MAC_DESIGNED_FOR_IPHONE_IPAD = NO;
				SUPPORTS_XR_DESIGNED_FOR_IPHONE_IPAD = NO;
				SWIFT_EMIT_LOC_STRINGS = YES;
				SWIFT_VERSION = 5.0;
				TARGETED_DEVICE_FAMILY = 1;
			};
			name = Release;
		};
/* End XCBuildConfiguration section */

/* Begin XCConfigurationList section */
		8E3ECFEC2BEDE7DB005C4D7F /* Build configuration list for PBXProject "Practice_SwiftUI" */ = {
			isa = XCConfigurationList;
			buildConfigurations = (
				8E3ECFFD2BEDE7DD005C4D7F /* Debug */,
				8E3ECFFE2BEDE7DD005C4D7F /* Release */,
			);
			defaultConfigurationIsVisible = 0;
			defaultConfigurationName = Release;
		};
		8E3ECFFF2BEDE7DD005C4D7F /* Build configuration list for PBXNativeTarget "Practice_SwiftUI" */ = {
			isa = XCConfigurationList;
			buildConfigurations = (
				8E3ED0002BEDE7DD005C4D7F /* Debug */,
				8E3ED0012BEDE7DD005C4D7F /* Release */,
			);
			defaultConfigurationIsVisible = 0;
			defaultConfigurationName = Release;
		};
/* End XCConfigurationList section */

/* Begin XCRemoteSwiftPackageReference section */
		8E9D49B32BF8FFD800996B6C /* XCRemoteSwiftPackageReference "swift-composable-architecture" */ = {
			isa = XCRemoteSwiftPackageReference;
			repositoryURL = "https://github.com/pointfreeco/swift-composable-architecture";
			requirement = {
				kind = upToNextMajorVersion;
				minimumVersion = 1.10.4;
			};
		};
/* End XCRemoteSwiftPackageReference section */

/* Begin XCSwiftPackageProductDependency section */
		8E9D49B42BF8FFD800996B6C /* ComposableArchitecture */ = {
			isa = XCSwiftPackageProductDependency;
			package = 8E9D49B32BF8FFD800996B6C /* XCRemoteSwiftPackageReference "swift-composable-architecture" */;
			productName = ComposableArchitecture;
		};
/* End XCSwiftPackageProductDependency section */
	};
	rootObject = 8E3ECFE92BEDE7DB005C4D7F /* Project object */;
}
